Microsoft Visual Studio Solution File, Format Version 12.00
# Visual Studio Version 17
VisualStudioVersion = 17.5.2.0
MinimumVisualStudioVersion = 10.0.40219.1
Project("{FAE04EC0-301F-11D3-BF4B-00C04F79EFBC}") = "FolderCompare", "FolderCompare\FolderCompare.csproj", "{33D888C6-1C5B-908B-26D2-EC5E52B43E75}"
EndProject
Project("{FAE04EC0-301F-11D3-BF4B-00C04F79EFBC}") = "FolderCompare.Tests", "FolderCompare.Tests\FolderCompare.Tests.csproj", "{8A9C2E5F-4D7B-4F1E-9C3A-1B8E6F5D2A4C}"
EndProject
Global
	GlobalSection(SolutionConfigurationPlatforms) = preSolution
		Debug|Any CPU = Debug|Any CPU
		Release|Any CPU = Release|Any CPU
	EndGlobalSection
	GlobalSection(ProjectConfigurationPlatforms) = postSolution
		{33D888C6-1C5B-908B-26D2-EC5E52B43E75}.Debug|Any CPU.ActiveCfg = Debug|Any CPU
		{33D888C6-1C5B-908B-26D2-EC5E52B43E75}.Debug|Any CPU.Build.0 = Debug|Any CPU
		{33D888C6-1C5B-908B-26D2-EC5E52B43E75}.Release|Any CPU.ActiveCfg = Release|Any CPU
		{33D888C6-1C5B-908B-26D2-EC5E52B43E75}.Release|Any CPU.Build.0 = Release|Any CPU
		{8A9C2E5F-4D7B-4F1E-9C3A-1B8E6F5D2A4C}.Debug|Any CPU.ActiveCfg = Debug|Any CPU
		{8A9C2E5F-4D7B-4F1E-9C3A-1B8E6F5D2A4C}.Debug|Any CPU.Build.0 = Debug|Any CPU
		{8A9C2E5F-4D7B-4F1E-9C3A-1B8E6F5D2A4C}.Release|Any CPU.ActiveCfg = Release|Any CPU
		{8A9C2E5F-4D7B-4F1E-9C3A-1B8E6F5D2A4C}.Release|Any CPU.Build.0 = Release|Any CPU
	EndGlobalSection
	GlobalSection(SolutionProperties) = preSolution
		HideSolutionNode = FALSE
	EndGlobalSection
	GlobalSection(ExtensibilityGlobals) = postSolution
		SolutionGuid = {C123BFA6-0473-47E7-BF05-6EE40AA96E8A}
	EndGlobalSection
EndGlobal
